// !$*UTF8*$!
{
	archiveVersion = 1;
	classes = {
	};
	objectVersion = 56;
	objects = {

/* Begin PBXBuildFile section */
		DBFB4F6E2B4572CE00994B48 /* AppDelegate.swift in Sources */ = {isa = PBXBuildFile; fileRef = DBFB4F6D2B4572CE00994B48 /* AppDelegate.swift */; };
		DBFB4F702B4572CE00994B48 /* SceneDelegate.swift in Sources */ = {isa = PBXBuildFile; fileRef = DBFB4F6F2B4572CE00994B48 /* SceneDelegate.swift */; };
		DBFB4F722B4572CE00994B48 /* ViewController.swift in Sources */ = {isa = PBXBuildFile; fileRef = DBFB4F712B4572CE00994B48 /* ViewController.swift */; };
		DBFB4F752B4572CE00994B48 /* Main.storyboard in Resources */ = {isa = PBXBuildFile; fileRef = DBFB4F732B4572CE00994B48 /* Main.storyboard */; };
		DBFB4F772B4572D000994B48 /* Assets.xcassets in Resources */ = {isa = PBXBuildFile; fileRef = DBFB4F762B4572D000994B48 /* Assets.xcassets */; };
		DBFB4F7A2B4572D000994B48 /* LaunchScreen.storyboard in Resources */ = {isa = PBXBuildFile; fileRef = DBFB4F782B4572D000994B48 /* LaunchScreen.storyboard */; };
		DBFB4F852B4572D000994B48 /* ToDoListMVVMTests.swift in Sources */ = {isa = PBXBuildFile; fileRef = DBFB4F842B4572D000994B48 /* ToDoListMVVMTests.swift */; };
		DBFB4F8F2B4572D000994B48 /* ToDoListMVVMUITests.swift in Sources */ = {isa = PBXBuildFile; fileRef = DBFB4F8E2B4572D000994B48 /* ToDoListMVVMUITests.swift */; };
		DBFB4F912B4572D000994B48 /* ToDoListMVVMUITestsLaunchTests.swift in Sources */ = {isa = PBXBuildFile; fileRef = DBFB4F902B4572D000994B48 /* ToDoListMVVMUITestsLaunchTests.swift */; };
/* End PBXBuildFile section */

/* Begin PBXContainerItemProxy section */
		DBFB4F812B4572D000994B48 /* PBXContainerItemProxy */ = {
			isa = PBXContainerItemProxy;
			containerPortal = DBFB4F622B4572CE00994B48 /* Project object */;
			proxyType = 1;
			remoteGlobalIDString = DBFB4F692B4572CE00994B48;
			remoteInfo = ToDoListMVVM;
		};
		DBFB4F8B2B4572D000994B48 /* PBXContainerItemProxy */ = {
			isa = PBXContainerItemProxy;
			containerPortal = DBFB4F622B4572CE00994B48 /* Project object */;
			proxyType = 1;
			remoteGlobalIDString = DBFB4F692B4572CE00994B48;
			remoteInfo = ToDoListMVVM;
		};
/* End PBXContainerItemProxy section */

/* Begin PBXFileReference section */
		DBFB4F6A2B4572CE00994B48 /* ToDoListMVVM.app */ = {isa = PBXFileReference; explicitFileType = wrapper.application; includeInIndex = 0; path = ToDoListMVVM.app; sourceTree = BUILT_PRODUCTS_DIR; };
		DBFB4F6D2B4572CE00994B48 /* AppDelegate.swift */ = {isa = PBXFileReference; lastKnownFileType = sourcecode.swift; path = AppDelegate.swift; sourceTree = "<group>"; };
		DBFB4F6F2B4572CE00994B48 /* SceneDelegate.swift */ = {isa = PBXFileReference; lastKnownFileType = sourcecode.swift; path = SceneDelegate.swift; sourceTree = "<group>"; };
		DBFB4F712B4572CE00994B48 /* ViewController.swift */ = {isa = PBXFileReference; lastKnownFileType = sourcecode.swift; path = ViewController.swift; sourceTree = "<group>"; };
		DBFB4F742B4572CE00994B48 /* Base */ = {isa = PBXFileReference; lastKnownFileType = file.storyboard; name = Base; path = Base.lproj/Main.storyboard; sourceTree = "<group>"; };
		DBFB4F762B4572D000994B48 /* Assets.xcassets */ = {isa = PBXFileReference; lastKnownFileType = folder.assetcatalog; path = Assets.xcassets; sourceTree = "<group>"; };
		DBFB4F792B4572D000994B48 /* Base */ = {isa = PBXFileReference; lastKnownFileType = file.storyboard; name = Base; path = Base.lproj/LaunchScreen.storyboard; sourceTree = "<group>"; };
		DBFB4F7B2B4572D000994B48 /* Info.plist */ = {isa = PBXFileReference; lastKnownFileType = text.plist.xml; path = Info.plist; sourceTree = "<group>"; };
		DBFB4F802B4572D000994B48 /* ToDoListMVVMTests.xctest */ = {isa = PBXFileReference; explicitFileType = wrapper.cfbundle; includeInIndex = 0; path = ToDoListMVVMTests.xctest; sourceTree = BUILT_PRODUCTS_DIR; };
		DBFB4F842B4572D000994B48 /* ToDoListMVVMTests.swift */ = {isa = PBXFileReference; lastKnownFileType = sourcecode.swift; path = ToDoListMVVMTests.swift; sourceTree = "<group>"; };
		DBFB4F8A2B4572D000994B48 /* ToDoListMVVMUITests.xctest */ = {isa = PBXFileReference; explicitFileType = wrapper.cfbundle; includeInIndex = 0; path = ToDoListMVVMUITests.xctest; sourceTree = BUILT_PRODUCTS_DIR; };
		DBFB4F8E2B4572D000994B48 /* ToDoListMVVMUITests.swift */ = {isa = PBXFileReference; lastKnownFileType = sourcecode.swift; path = ToDoListMVVMUITests.swift; sourceTree = "<group>"; };
		DBFB4F902B4572D000994B48 /* ToDoListMVVMUITestsLaunchTests.swift */ = {isa = PBXFileReference; lastKnownFileType = sourcecode.swift; path = ToDoListMVVMUITestsLaunchTests.swift; sourceTree = "<group>"; };
/* End PBXFileReference section */

/* Begin PBXFrameworksBuildPhase section */
		DBFB4F672B4572CE00994B48 /* Frameworks */ = {
			isa = PBXFrameworksBuildPhase;
			buildActionMask = 2147483647;
			files = (
			);
			runOnlyForDeploymentPostprocessing = 0;
		};
		DBFB4F7D2B4572D000994B48 /* Frameworks */ = {
			isa = PBXFrameworksBuildPhase;
			buildActionMask = 2147483647;
			files = (
			);
			runOnlyForDeploymentPostprocessing = 0;
		};
		DBFB4F872B4572D000994B48 /* Frameworks */ = {
			isa = PBXFrameworksBuildPhase;
			buildActionMask = 2147483647;
			files = (
			);
			runOnlyForDeploymentPostprocessing = 0;
		};
/* End PBXFrameworksBuildPhase section */

/* Begin PBXGroup section */
		DBFB4F612B4572CE00994B48 = {
			isa = PBXGroup;
			children = (
				DBFB4F6C2B4572CE00994B48 /* ToDoListMVVM */,
				DBFB4F832B4572D000994B48 /* ToDoListMVVMTests */,
				DBFB4F8D2B4572D000994B48 /* ToDoListMVVMUITests */,
				DBFB4F6B2B4572CE00994B48 /* Products */,
			);
			sourceTree = "<group>";
		};
		DBFB4F6B2B4572CE00994B48 /* Products */ = {
			isa = PBXGroup;
			children = (
				DBFB4F6A2B4572CE00994B48 /* ToDoListMVVM.app */,
				DBFB4F802B4572D000994B48 /* ToDoListMVVMTests.xctest */,
				DBFB4F8A2B4572D000994B48 /* ToDoListMVVMUITests.xctest */,
			);
			name = Products;
			sourceTree = "<group>";
		};
		DBFB4F6C2B4572CE00994B48 /* ToDoListMVVM */ = {
			isa = PBXGroup;
			children = (
				DBFB4F6D2B4572CE00994B48 /* AppDelegate.swift */,
				DBFB4F6F2B4572CE00994B48 /* SceneDelegate.swift */,
				DBFB4F712B4572CE00994B48 /* ViewController.swift */,
				DBFB4F732B4572CE00994B48 /* Main.storyboard */,
				DBFB4F762B4572D000994B48 /* Assets.xcassets */,
				DBFB4F782B4572D000994B48 /* LaunchScreen.storyboard */,
				DBFB4F7B2B4572D000994B48 /* Info.plist */,
			);
			path = ToDoListMVVM;
			sourceTree = "<group>";
		};
		DBFB4F832B4572D000994B48 /* ToDoListMVVMTests */ = {
			isa = PBXGroup;
			children = (
				DBFB4F842B4572D000994B48 /* ToDoListMVVMTests.swift */,
			);
			path = ToDoListMVVMTests;
			sourceTree = "<group>";
		};
		DBFB4F8D2B4572D000994B48 /* ToDoListMVVMUITests */ = {
			isa = PBXGroup;
			children = (
				DBFB4F8E2B4572D000994B48 /* ToDoListMVVMUITests.swift */,
				DBFB4F902B4572D000994B48 /* ToDoListMVVMUITestsLaunchTests.swift */,
			);
			path = ToDoListMVVMUITests;
			sourceTree = "<group>";
		};
/* End PBXGroup section */

/* Begin PBXNativeTarget section */
		DBFB4F692B4572CE00994B48 /* ToDoListMVVM */ = {
			isa = PBXNativeTarget;
			buildConfigurationList = DBFB4F942B4572D000994B48 /* Build configuration list for PBXNativeTarget "ToDoListMVVM" */;
			buildPhases = (
				DBFB4F662B4572CE00994B48 /* Sources */,
				DBFB4F672B4572CE00994B48 /* Frameworks */,
				DBFB4F682B4572CE00994B48 /* Resources */,
			);
			buildRules = (
			);
			dependencies = (
			);
			name = ToDoListMVVM;
			productName = ToDoListMVVM;
			productReference = DBFB4F6A2B4572CE00994B48 /* ToDoListMVVM.app */;
			productType = "com.apple.product-type.application";
		};
		DBFB4F7F2B4572D000994B48 /* ToDoListMVVMTests */ = {
			isa = PBXNativeTarget;
			buildConfigurationList = DBFB4F972B4572D000994B48 /* Build configuration list for PBXNativeTarget "ToDoListMVVMTests" */;
			buildPhases = (
				DBFB4F7C2B4572D000994B48 /* Sources */,
				DBFB4F7D2B4572D000994B48 /* Frameworks */,
				DBFB4F7E2B4572D000994B48 /* Resources */,
			);
			buildRules = (
			);
			dependencies = (
				DBFB4F822B4572D000994B48 /* PBXTargetDependency */,
			);
			name = ToDoListMVVMTests;
			productName = ToDoListMVVMTests;
			productReference = DBFB4F802B4572D000994B48 /* ToDoListMVVMTests.xctest */;
			productType = "com.apple.product-type.bundle.unit-test";
		};
		DBFB4F892B4572D000994B48 /* ToDoListMVVMUITests */ = {
			isa = PBXNativeTarget;
			buildConfigurationList = DBFB4F9A2B4572D000994B48 /* Build configuration list for PBXNativeTarget "ToDoListMVVMUITests" */;
			buildPhases = (
				DBFB4F862B4572D000994B48 /* Sources */,
				DBFB4F872B4572D000994B48 /* Frameworks */,
				DBFB4F882B4572D000994B48 /* Resources */,
			);
			buildRules = (
			);
			dependencies = (
				DBFB4F8C2B4572D000994B48 /* PBXTargetDependency */,
			);
			name = ToDoListMVVMUITests;
			productName = ToDoListMVVMUITests;
			productReference = DBFB4F8A2B4572D000994B48 /* ToDoListMVVMUITests.xctest */;
			productType = "com.apple.product-type.bundle.ui-testing";
		};
/* End PBXNativeTarget section */

/* Begin PBXProject section */
		DBFB4F622B4572CE00994B48 /* Project object */ = {
			isa = PBXProject;
			attributes = {
				BuildIndependentTargetsInParallel = 1;
				LastSwiftUpdateCheck = 1510;
				LastUpgradeCheck = 1510;
				TargetAttributes = {
					DBFB4F692B4572CE00994B48 = {
						CreatedOnToolsVersion = 15.1;
					};
					DBFB4F7F2B4572D000994B48 = {
						CreatedOnToolsVersion = 15.1;
						TestTargetID = DBFB4F692B4572CE00994B48;
					};
					DBFB4F892B4572D000994B48 = {
						CreatedOnToolsVersion = 15.1;
						TestTargetID = DBFB4F692B4572CE00994B48;
					};
				};
			};
			buildConfigurationList = DBFB4F652B4572CE00994B48 /* Build configuration list for PBXProject "ToDoListMVVM" */;
			compatibilityVersion = "Xcode 14.0";
			developmentRegion = en;
			hasScannedForEncodings = 0;
			knownRegions = (
				en,
				Base,
			);
			mainGroup = DBFB4F612B4572CE00994B48;
			productRefGroup = DBFB4F6B2B4572CE00994B48 /* Products */;
			projectDirPath = "";
			projectRoot = "";
			targets = (
				DBFB4F692B4572CE00994B48 /* ToDoListMVVM */,
				DBFB4F7F2B4572D000994B48 /* ToDoListMVVMTests */,
				DBFB4F892B4572D000994B48 /* ToDoListMVVMUITests */,
			);
		};
/* End PBXProject section */

/* Begin PBXResourcesBuildPhase section */
		DBFB4F682B4572CE00994B48 /* Resources */ = {
			isa = PBXResourcesBuildPhase;
			buildActionMask = 2147483647;
			files = (
				DBFB4F7A2B4572D000994B48 /* LaunchScreen.storyboard in Resources */,
				DBFB4F772B4572D000994B48 /* Assets.xcassets in Resources */,
				DBFB4F752B4572CE00994B48 /* Main.storyboard in Resources */,
			);
			runOnlyForDeploymentPostprocessing = 0;
		};
		DBFB4F7E2B4572D000994B48 /* Resources */ = {
			isa = PBXResourcesBuildPhase;
			buildActionMask = 2147483647;
			files = (
			);
			runOnlyForDeploymentPostprocessing = 0;
		};
		DBFB4F882B4572D000994B48 /* Resources */ = {
			isa = PBXResourcesBuildPhase;
			buildActionMask = 2147483647;
			files = (
			);
			runOnlyForDeploymentPostprocessing = 0;
		};
/* End PBXResourcesBuildPhase section */

/* Begin PBXSourcesBuildPhase section */
		DBFB4F662B4572CE00994B48 /* Sources */ = {
			isa = PBXSourcesBuildPhase;
			buildActionMask = 2147483647;
			files = (
				DBFB4F722B4572CE00994B48 /* ViewController.swift in Sources */,
				DBFB4F6E2B4572CE00994B48 /* AppDelegate.swift in Sources */,
				DBFB4F702B4572CE00994B48 /* SceneDelegate.swift in Sources */,
			);
			runOnlyForDeploymentPostprocessing = 0;
		};
		DBFB4F7C2B4572D000994B48 /* Sources */ = {
			isa = PBXSourcesBuildPhase;
			buildActionMask = 2147483647;
			files = (
				DBFB4F852B4572D000994B48 /* ToDoListMVVMTests.swift in Sources */,
			);
			runOnlyForDeploymentPostprocessing = 0;
		};
		DBFB4F862B4572D000994B48 /* Sources */ = {
			isa = PBXSourcesBuildPhase;
			buildActionMask = 2147483647;
			files = (
				DBFB4F912B4572D000994B48 /* ToDoListMVVMUITestsLaunchTests.swift in Sources */,
				DBFB4F8F2B4572D000994B48 /* ToDoListMVVMUITests.swift in Sources */,
			);
			runOnlyForDeploymentPostprocessing = 0;
		};
/* End PBXSourcesBuildPhase section */

/* Begin PBXTargetDependency section */
		DBFB4F822B4572D000994B48 /* PBXTargetDependency */ = {
			isa = PBXTargetDependency;
			target = DBFB4F692B4572CE00994B48 /* ToDoListMVVM */;
			targetProxy = DBFB4F812B4572D000994B48 /* PBXContainerItemProxy */;
		};
		DBFB4F8C2B4572D000994B48 /* PBXTargetDependency */ = {
			isa = PBXTargetDependency;
			target = DBFB4F692B4572CE00994B48 /* ToDoListMVVM */;
			targetProxy = DBFB4F8B2B4572D000994B48 /* PBXContainerItemProxy */;
		};
/* End PBXTargetDependency section */

/* Begin PBXVariantGroup section */
		DBFB4F732B4572CE00994B48 /* Main.storyboard */ = {
			isa = PBXVariantGroup;
			children = (
				DBFB4F742B4572CE00994B48 /* Base */,
			);
			name = Main.storyboard;
			sourceTree = "<group>";
		};
		DBFB4F782B4572D000994B48 /* LaunchScreen.storyboard */ = {
			isa = PBXVariantGroup;
			children = (
				DBFB4F792B4572D000994B48 /* Base */,
			);
			name = LaunchScreen.storyboard;
			sourceTree = "<group>";
		};
/* End PBXVariantGroup section */

/* Begin XCBuildConfiguration section */
		DBFB4F922B4572D000994B48 /* Debug */ = {
			isa = XCBuildConfiguration;
			buildSettings = {
				ALWAYS_SEARCH_USER_PATHS = NO;
				ASSETCATALOG_COMPILER_GENERATE_SWIFT_ASSET_SYMBOL_EXTENSIONS = YES;
				CLANG_ANALYZER_NONNULL = YES;
				CLANG_ANALYZER_NUMBER_OBJECT_CONVERSION = YES_AGGRESSIVE;
				CLANG_CXX_LANGUAGE_STANDARD = "gnu++20";
				CLANG_ENABLE_MODULES = YES;
				CLANG_ENABLE_OBJC_ARC = YES;
				CLANG_ENABLE_OBJC_WEAK = YES;
				CLANG_WARN_BLOCK_CAPTURE_AUTORELEASING = YES;
				CLANG_WARN_BOOL_CONVERSION = YES;
				CLANG_WARN_COMMA = YES;
				CLANG_WARN_CONSTANT_CONVERSION = YES;
				CLANG_WARN_DEPRECATED_OBJC_IMPLEMENTATIONS = YES;
				CLANG_WARN_DIRECT_OBJC_ISA_USAGE = YES_ERROR;
				CLANG_WARN_DOCUMENTATION_COMMENTS = YES;
				CLANG_WARN_EMPTY_BODY = YES;
				CLANG_WARN_ENUM_CONVERSION = YES;
				CLANG_WARN_INFINITE_RECURSION = YES;
				CLANG_WARN_INT_CONVERSION = YES;
				CLANG_WARN_NON_LITERAL_NULL_CONVERSION = YES;
				CLANG_WARN_OBJC_IMPLICIT_RETAIN_SELF = YES;
				CLANG_WARN_OBJC_LITERAL_CONVERSION = YES;
				CLANG_WARN_OBJC_ROOT_CLASS = YES_ERROR;
				CLANG_WARN_QUOTED_INCLUDE_IN_FRAMEWORK_HEADER = YES;
				CLANG_WARN_RANGE_LOOP_ANALYSIS = YES;
				CLANG_WARN_STRICT_PROTOTYPES = YES;
				CLANG_WARN_SUSPICIOUS_MOVE = YES;
				CLANG_WARN_UNGUARDED_AVAILABILITY = YES_AGGRESSIVE;
				CLANG_WARN_UNREACHABLE_CODE = YES;
				CLANG_WARN__DUPLICATE_METHOD_MATCH = YES;
				COPY_PHASE_STRIP = NO;
				DEBUG_INFORMATION_FORMAT = dwarf;
				ENABLE_STRICT_OBJC_MSGSEND = YES;
				ENABLE_TESTABILITY = YES;
				ENABLE_USER_SCRIPT_SANDBOXING = YES;
				GCC_C_LANGUAGE_STANDARD = gnu17;
				GCC_DYNAMIC_NO_PIC = NO;
				GCC_NO_COMMON_BLOCKS = YES;
				GCC_OPTIMIZATION_LEVEL = 0;
				GCC_PREPROCESSOR_DEFINITIONS = (
					"DEBUG=1",
					"$(inherited)",
				);
				GCC_WARN_64_TO_32_BIT_CONVERSION = YES;
				GCC_WARN_ABOUT_RETURN_TYPE = YES_ERROR;
				GCC_WARN_UNDECLARED_SELECTOR = YES;
				GCC_WARN_UNINITIALIZED_AUTOS = YES_AGGRESSIVE;
				GCC_WARN_UNUSED_FUNCTION = YES;
				GCC_WARN_UNUSED_VARIABLE = YES;
				IPHONEOS_DEPLOYMENT_TARGET = 17.2;
				LOCALIZATION_PREFERS_STRING_CATALOGS = YES;
				MTL_ENABLE_DEBUG_INFO = INCLUDE_SOURCE;
				MTL_FAST_MATH = YES;
				ONLY_ACTIVE_ARCH = YES;
				SDKROOT = iphoneos;
				SWIFT_ACTIVE_COMPILATION_CONDITIONS = "DEBUG $(inherited)";
				SWIFT_OPTIMIZATION_LEVEL = "-Onone";
			};
			name = Debug;
		};
		DBFB4F932B4572D000994B48 /* Release */ = {
			isa = XCBuildConfiguration;
			buildSettings = {
				ALWAYS_SEARCH_USER_PATHS = NO;
				ASSETCATALOG_COMPILER_GENERATE_SWIFT_ASSET_SYMBOL_EXTENSIONS = YES;
				CLANG_ANALYZER_NONNULL = YES;
				CLANG_ANALYZER_NUMBER_OBJECT_CONVERSION = YES_AGGRESSIVE;
				CLANG_CXX_LANGUAGE_STANDARD = "gnu++20";
				CLANG_ENABLE_MODULES = YES;
				CLANG_ENABLE_OBJC_ARC = YES;
				CLANG_ENABLE_OBJC_WEAK = YES;
				CLANG_WARN_BLOCK_CAPTURE_AUTORELEASING = YES;
				CLANG_WARN_BOOL_CONVERSION = YES;
				CLANG_WARN_COMMA = YES;
				CLANG_WARN_CONSTANT_CONVERSION = YES;
				CLANG_WARN_DEPRECATED_OBJC_IMPLEMENTATIONS = YES;
				CLANG_WARN_DIRECT_OBJC_ISA_USAGE = YES_ERROR;
				CLANG_WARN_DOCUMENTATION_COMMENTS = YES;
				CLANG_WARN_EMPTY_BODY = YES;
				CLANG_WARN_ENUM_CONVERSION = YES;
				CLANG_WARN_INFINITE_RECURSION = YES;
				CLANG_WARN_INT_CONVERSION = YES;
				CLANG_WARN_NON_LITERAL_NULL_CONVERSION = YES;
				CLANG_WARN_OBJC_IMPLICIT_RETAIN_SELF = YES;
				CLANG_WARN_OBJC_LITERAL_CONVERSION = YES;
				CLANG_WARN_OBJC_ROOT_CLASS = YES_ERROR;
				CLANG_WARN_QUOTED_INCLUDE_IN_FRAMEWORK_HEADER = YES;
				CLANG_WARN_RANGE_LOOP_ANALYSIS = YES;
				CLANG_WARN_STRICT_PROTOTYPES = YES;
				CLANG_WARN_SUSPICIOUS_MOVE = YES;
				CLANG_WARN_UNGUARDED_AVAILABILITY = YES_AGGRESSIVE;
				CLANG_WARN_UNREACHABLE_CODE = YES;
				CLANG_WARN__DUPLICATE_METHOD_MATCH = YES;
				COPY_PHASE_STRIP = NO;
				DEBUG_INFORMATION_FORMAT = "dwarf-with-dsym";
				ENABLE_NS_ASSERTIONS = NO;
				ENABLE_STRICT_OBJC_MSGSEND = YES;
				ENABLE_USER_SCRIPT_SANDBOXING = YES;
				GCC_C_LANGUAGE_STANDARD = gnu17;
				GCC_NO_COMMON_BLOCKS = YES;
				GCC_WARN_64_TO_32_BIT_CONVERSION = YES;
				GCC_WARN_ABOUT_RETURN_TYPE = YES_ERROR;
				GCC_WARN_UNDECLARED_SELECTOR = YES;
				GCC_WARN_UNINITIALIZED_AUTOS = YES_AGGRESSIVE;
				GCC_WARN_UNUSED_FUNCTION = YES;
				GCC_WARN_UNUSED_VARIABLE = YES;
				IPHONEOS_DEPLOYMENT_TARGET = 17.2;
				LOCALIZATION_PREFERS_STRING_CATALOGS = YES;
				MTL_ENABLE_DEBUG_INFO = NO;
				MTL_FAST_MATH = YES;
				SDKROOT = iphoneos;
				SWIFT_COMPILATION_MODE = wholemodule;
				VALIDATE_PRODUCT = YES;
			};
			name = Release;
		};
		DBFB4F952B4572D000994B48 /* Debug */ = {
			isa = XCBuildConfiguration;
			buildSettings = {
				ASSETCATALOG_COMPILER_APPICON_NAME = AppIcon;
				ASSETCATALOG_COMPILER_GLOBAL_ACCENT_COLOR_NAME = AccentColor;
				CODE_SIGN_STYLE = Automatic;
				CURRENT_PROJECT_VERSION = 1;
				GENERATE_INFOPLIST_FILE = YES;
				INFOPLIST_FILE = ToDoListMVVM/Info.plist;
				INFOPLIST_KEY_UIApplicationSupportsIndirectInputEvents = YES;
				INFOPLIST_KEY_UILaunchStoryboardName = LaunchScreen;
				INFOPLIST_KEY_UIMainStoryboardFile = Main;
				INFOPLIST_KEY_UISupportedInterfaceOrientations_iPad = "UIInterfaceOrientationPortrait UIInterfaceOrientationPortraitUpsideDown UIInterfaceOrientationLandscapeLeft UIInterfaceOrientationLandscapeRight";
				INFOPLIST_KEY_UISupportedInterfaceOrientations_iPhone = "UIInterfaceOrientationPortrait UIInterfaceOrientationLandscapeLeft UIInterfaceOrientationLandscapeRight";
				LD_RUNPATH_SEARCH_PATHS = (
					"$(inherited)",
					"@executable_path/Frameworks",
				);
				MARKETING_VERSION = 1.0;
				PRODUCT_BUNDLE_IDENTIFIER = Aset.ToDoListMVVM;
				PRODUCT_NAME = "$(TARGET_NAME)";
				SWIFT_EMIT_LOC_STRINGS = YES;
				SWIFT_VERSION = 5.0;
				TARGETED_DEVICE_FAMILY = "1,2";
			};
			name = Debug;
		};
		DBFB4F962B4572D000994B48 /* Release */ = {
			isa = XCBuildConfiguration;
			buildSettings = {
				ASSETCATALOG_COMPILER_APPICON_NAME = AppIcon;
				ASSETCATALOG_COMPILER_GLOBAL_ACCENT_COLOR_NAME = AccentColor;
				CODE_SIGN_STYLE = Automatic;
				CURRENT_PROJECT_VERSION = 1;
				GENERATE_INFOPLIST_FILE = YES;
				INFOPLIST_FILE = ToDoListMVVM/Info.plist;
				INFOPLIST_KEY_UIApplicationSupportsIndirectInputEvents = YES;
				INFOPLIST_KEY_UILaunchStoryboardName = LaunchScreen;
				INFOPLIST_KEY_UIMainStoryboardFile = Main;
				INFOPLIST_KEY_UISupportedInterfaceOrientations_iPad = "UIInterfaceOrientationPortrait UIInterfaceOrientationPortraitUpsideDown UIInterfaceOrientationLandscapeLeft UIInterfaceOrientationLandscapeRight";
				INFOPLIST_KEY_UISupportedInterfaceOrientations_iPhone = "UIInterfaceOrientationPortrait UIInterfaceOrientationLandscapeLeft UIInterfaceOrientationLandscapeRight";
				LD_RUNPATH_SEARCH_PATHS = (
					"$(inherited)",
					"@executable_path/Frameworks",
				);
				MARKETING_VERSION = 1.0;
				PRODUCT_BUNDLE_IDENTIFIER = Aset.ToDoListMVVM;
				PRODUCT_NAME = "$(TARGET_NAME)";
				SWIFT_EMIT_LOC_STRINGS = YES;
				SWIFT_VERSION = 5.0;
				TARGETED_DEVICE_FAMILY = "1,2";
			};
			name = Release;
		};
		DBFB4F982B4572D000994B48 /* Debug */ = {
			isa = XCBuildConfiguration;
			buildSettings = {
				ALWAYS_EMBED_SWIFT_STANDARD_LIBRARIES = YES;
				BUNDLE_LOADER = "$(TEST_HOST)";
				CODE_SIGN_STYLE = Automatic;
				CURRENT_PROJECT_VERSION = 1;
				GENERATE_INFOPLIST_FILE = YES;
				IPHONEOS_DEPLOYMENT_TARGET = 17.2;
				MARKETING_VERSION = 1.0;
				PRODUCT_BUNDLE_IDENTIFIER = Aset.ToDoListMVVMTests;
				PRODUCT_NAME = "$(TARGET_NAME)";
				SWIFT_EMIT_LOC_STRINGS = NO;
				SWIFT_VERSION = 5.0;
				TARGETED_DEVICE_FAMILY = "1,2";
				TEST_HOST = "$(BUILT_PRODUCTS_DIR)/ToDoListMVVM.app/$(BUNDLE_EXECUTABLE_FOLDER_PATH)/ToDoListMVVM";
			};
			name = Debug;
		};
		DBFB4F992B4572D000994B48 /* Release */ = {
			isa = XCBuildConfiguration;
			buildSettings = {
				ALWAYS_EMBED_SWIFT_STANDARD_LIBRARIES = YES;
				BUNDLE_LOADER = "$(TEST_HOST)";
				CODE_SIGN_STYLE = Automatic;
				CURRENT_PROJECT_VERSION = 1;
				GENERATE_INFOPLIST_FILE = YES;
				IPHONEOS_DEPLOYMENT_TARGET = 17.2;
				MARKETING_VERSION = 1.0;
				PRODUCT_BUNDLE_IDENTIFIER = Aset.ToDoListMVVMTests;
				PRODUCT_NAME = "$(TARGET_NAME)";
				SWIFT_EMIT_LOC_STRINGS = NO;
				SWIFT_VERSION = 5.0;
				TARGETED_DEVICE_FAMILY = "1,2";
				TEST_HOST = "$(BUILT_PRODUCTS_DIR)/ToDoListMVVM.app/$(BUNDLE_EXECUTABLE_FOLDER_PATH)/ToDoListMVVM";
			};
			name = Release;
		};
		DBFB4F9B2B4572D000994B48 /* Debug */ = {
			isa = XCBuildConfiguration;
			buildSettings = {
				ALWAYS_EMBED_SWIFT_STANDARD_LIBRARIES = YES;
				CODE_SIGN_STYLE = Automatic;
				CURRENT_PROJECT_VERSION = 1;
				GENERATE_INFOPLIST_FILE = YES;
				MARKETING_VERSION = 1.0;
				PRODUCT_BUNDLE_IDENTIFIER = Aset.ToDoListMVVMUITests;
				PRODUCT_NAME = "$(TARGET_NAME)";
				SWIFT_EMIT_LOC_STRINGS = NO;
				SWIFT_VERSION = 5.0;
				TARGETED_DEVICE_FAMILY = "1,2";
				TEST_TARGET_NAME = ToDoListMVVM;
			};
			name = Debug;
		};
		DBFB4F9C2B4572D000994B48 /* Release */ = {
			isa = XCBuildConfiguration;
			buildSettings = {
				ALWAYS_EMBED_SWIFT_STANDARD_LIBRARIES = YES;
				CODE_SIGN_STYLE = Automatic;
				CURRENT_PROJECT_VERSION = 1;
				GENERATE_INFOPLIST_FILE = YES;
				MARKETING_VERSION = 1.0;
				PRODUCT_BUNDLE_IDENTIFIER = Aset.ToDoListMVVMUITests;
				PRODUCT_NAME = "$(TARGET_NAME)";
				SWIFT_EMIT_LOC_STRINGS = NO;
				SWIFT_VERSION = 5.0;
				TARGETED_DEVICE_FAMILY = "1,2";
				TEST_TARGET_NAME = ToDoListMVVM;
			};
			name = Release;
		};
/* End XCBuildConfiguration section */

/* Begin XCConfigurationList section */
		DBFB4F652B4572CE00994B48 /* Build configuration list for PBXProject "ToDoListMVVM" */ = {
			isa = XCConfigurationList;
			buildConfigurations = (
				DBFB4F922B4572D000994B48 /* Debug */,
				DBFB4F932B4572D000994B48 /* Release */,
			);
			defaultConfigurationIsVisible = 0;
			defaultConfigurationName = Release;
		};
		DBFB4F942B4572D000994B48 /* Build configuration list for PBXNativeTarget "ToDoListMVVM" */ = {
			isa = XCConfigurationList;
			buildConfigurations = (
				DBFB4F952B4572D000994B48 /* Debug */,
				DBFB4F962B4572D000994B48 /* Release */,
			);
			defaultConfigurationIsVisible = 0;
			defaultConfigurationName = Release;
		};
		DBFB4F972B4572D000994B48 /* Build configuration list for PBXNativeTarget "ToDoListMVVMTests" */ = {
			isa = XCConfigurationList;
			buildConfigurations = (
				DBFB4F982B4572D000994B48 /* Debug */,
				DBFB4F992B4572D000994B48 /* Release */,
			);
			defaultConfigurationIsVisible = 0;
			defaultConfigurationName = Release;
		};
		DBFB4F9A2B4572D000994B48 /* Build configuration list for PBXNativeTarget "ToDoListMVVMUITests" */ = {
			isa = XCConfigurationList;
			buildConfigurations = (
				DBFB4F9B2B4572D000994B48 /* Debug */,
				DBFB4F9C2B4572D000994B48 /* Release */,
			);
			defaultConfigurationIsVisible = 0;
			defaultConfigurationName = Release;
		};
/* End XCConfigurationList section */
	};
	rootObject = DBFB4F622B4572CE00994B48 /* Project object */;
}
